
Microsoft Visual Studio Solution File, Format Version 12.00
# Visual Studio Version 16
VisualStudioVersion = 16.0.31624.102
MinimumVisualStudioVersion = 10.0.40219.1
Project("{FAE04EC0-301F-11D3-BF4B-00C04F79EFBC}") = "TravelAcrossRussiaMVVM", "TravelAcrossRussiaMVVM.csproj", "{704E7C78-6EE8-4508-86D6-1B758A9F6514}"
EndProject
Global
	GlobalSection(SolutionConfigurationPlatforms) = preSolution
		Debug|Any CPU = Debug|Any CPU
		Release|Any CPU = Release|Any CPU
	EndGlobalSection
	GlobalSection(ProjectConfigurationPlatforms) = postSolution
		{704E7C78-6EE8-4508-86D6-1B758A9F6514}.Debug|Any CPU.ActiveCfg = Debug|Any CPU
		{704E7C78-6EE8-4508-86D6-1B758A9F6514}.Debug|Any CPU.Build.0 = Debug|Any CPU
		{704E7C78-6EE8-4508-86D6-1B758A9F6514}.Release|Any CPU.ActiveCfg = Release|Any CPU
		{704E7C78-6EE8-4508-86D6-1B758A9F6514}.Release|Any CPU.Build.0 = Release|Any CPU
	EndGlobalSection
	GlobalSection(SolutionProperties) = preSolution
		HideSolutionNode = FALSE
	EndGlobalSection
	GlobalSection(ExtensibilityGlobals) = postSolution
		SolutionGuid = {5600E8D1-7CF4-41D6-A5BB-ED7F3D71948E}
	EndGlobalSection
EndGlobal
